// !$*UTF8*$!
{
	archiveVersion = 1;
	classes = {
	};
	objectVersion = 55;
	objects = {

/* Begin PBXBuildFile section */
		57109F5B29A051C000F064A6 /* Tests_iOS.swift in Sources */ = {isa = PBXBuildFile; fileRef = 57109F5A29A051C000F064A6 /* Tests_iOS.swift */; };
		57109F5D29A051C000F064A6 /* Tests_iOSLaunchTests.swift in Sources */ = {isa = PBXBuildFile; fileRef = 57109F5C29A051C000F064A6 /* Tests_iOSLaunchTests.swift */; };
		57109F6729A051C000F064A6 /* Tests_macOS.swift in Sources */ = {isa = PBXBuildFile; fileRef = 57109F6629A051C000F064A6 /* Tests_macOS.swift */; };
		57109F6929A051C000F064A6 /* Tests_macOSLaunchTests.swift in Sources */ = {isa = PBXBuildFile; fileRef = 57109F6829A051C000F064A6 /* Tests_macOSLaunchTests.swift */; };
		57109F6A29A051C000F064A6 /* PhonePauseApp.swift in Sources */ = {isa = PBXBuildFile; fileRef = 57109F4229A051BD00F064A6 /* PhonePauseApp.swift */; };
		57109F6B29A051C000F064A6 /* PhonePauseApp.swift in Sources */ = {isa = PBXBuildFile; fileRef = 57109F4229A051BD00F064A6 /* PhonePauseApp.swift */; };
		57109F6C29A051C000F064A6 /* ContentView.swift in Sources */ = {isa = PBXBuildFile; fileRef = 57109F4329A051BD00F064A6 /* ContentView.swift */; };
		57109F6D29A051C000F064A6 /* ContentView.swift in Sources */ = {isa = PBXBuildFile; fileRef = 57109F4329A051BD00F064A6 /* ContentView.swift */; };
		57109F6E29A051C000F064A6 /* Assets.xcassets in Resources */ = {isa = PBXBuildFile; fileRef = 57109F4429A051C000F064A6 /* Assets.xcassets */; };
		57109F6F29A051C000F064A6 /* Assets.xcassets in Resources */ = {isa = PBXBuildFile; fileRef = 57109F4429A051C000F064A6 /* Assets.xcassets */; };
		57109F7F29A0539800F064A6 /* PhonePauseSwiftUIView.swift in Sources */ = {isa = PBXBuildFile; fileRef = 57109F7E29A0539800F064A6 /* PhonePauseSwiftUIView.swift */; };
		57109F8029A0539800F064A6 /* PhonePauseSwiftUIView.swift in Sources */ = {isa = PBXBuildFile; fileRef = 57109F7E29A0539800F064A6 /* PhonePauseSwiftUIView.swift */; };
/* End PBXBuildFile section */

/* Begin PBXContainerItemProxy section */
		57109F5729A051C000F064A6 /* PBXContainerItemProxy */ = {
			isa = PBXContainerItemProxy;
			containerPortal = 57109F3D29A051BD00F064A6 /* Project object */;
			proxyType = 1;
			remoteGlobalIDString = 57109F4829A051C000F064A6;
			remoteInfo = "PhonePause (iOS)";
		};
		57109F6329A051C000F064A6 /* PBXContainerItemProxy */ = {
			isa = PBXContainerItemProxy;
			containerPortal = 57109F3D29A051BD00F064A6 /* Project object */;
			proxyType = 1;
			remoteGlobalIDString = 57109F4E29A051C000F064A6;
			remoteInfo = "PhonePause (macOS)";
		};
/* End PBXContainerItemProxy section */

/* Begin PBXFileReference section */
		57109F4229A051BD00F064A6 /* PhonePauseApp.swift */ = {isa = PBXFileReference; lastKnownFileType = sourcecode.swift; path = PhonePauseApp.swift; sourceTree = "<group>"; };
		57109F4329A051BD00F064A6 /* ContentView.swift */ = {isa = PBXFileReference; lastKnownFileType = sourcecode.swift; path = ContentView.swift; sourceTree = "<group>"; };
		57109F4429A051C000F064A6 /* Assets.xcassets */ = {isa = PBXFileReference; lastKnownFileType = folder.assetcatalog; path = Assets.xcassets; sourceTree = "<group>"; };
		57109F4929A051C000F064A6 /* PhonePause.app */ = {isa = PBXFileReference; explicitFileType = wrapper.application; includeInIndex = 0; path = PhonePause.app; sourceTree = BUILT_PRODUCTS_DIR; };
		57109F4F29A051C000F064A6 /* PhonePause.app */ = {isa = PBXFileReference; explicitFileType = wrapper.application; includeInIndex = 0; path = PhonePause.app; sourceTree = BUILT_PRODUCTS_DIR; };
		57109F5129A051C000F064A6 /* macOS.entitlements */ = {isa = PBXFileReference; lastKnownFileType = text.plist.entitlements; path = macOS.entitlements; sourceTree = "<group>"; };
		57109F5629A051C000F064A6 /* Tests iOS.xctest */ = {isa = PBXFileReference; explicitFileType = wrapper.cfbundle; includeInIndex = 0; path = "Tests iOS.xctest"; sourceTree = BUILT_PRODUCTS_DIR; };
		57109F5A29A051C000F064A6 /* Tests_iOS.swift */ = {isa = PBXFileReference; lastKnownFileType = sourcecode.swift; path = Tests_iOS.swift; sourceTree = "<group>"; };
		57109F5C29A051C000F064A6 /* Tests_iOSLaunchTests.swift */ = {isa = PBXFileReference; lastKnownFileType = sourcecode.swift; path = Tests_iOSLaunchTests.swift; sourceTree = "<group>"; };
		57109F6229A051C000F064A6 /* Tests macOS.xctest */ = {isa = PBXFileReference; explicitFileType = wrapper.cfbundle; includeInIndex = 0; path = "Tests macOS.xctest"; sourceTree = BUILT_PRODUCTS_DIR; };
		57109F6629A051C000F064A6 /* Tests_macOS.swift */ = {isa = PBXFileReference; lastKnownFileType = sourcecode.swift; path = Tests_macOS.swift; sourceTree = "<group>"; };
		57109F6829A051C000F064A6 /* Tests_macOSLaunchTests.swift */ = {isa = PBXFileReference; lastKnownFileType = sourcecode.swift; path = Tests_macOSLaunchTests.swift; sourceTree = "<group>"; };
		57109F7E29A0539800F064A6 /* PhonePauseSwiftUIView.swift */ = {isa = PBXFileReference; lastKnownFileType = sourcecode.swift; path = PhonePauseSwiftUIView.swift; sourceTree = "<group>"; };
/* End PBXFileReference section */

/* Begin PBXFrameworksBuildPhase section */
		57109F4629A051C000F064A6 /* Frameworks */ = {
			isa = PBXFrameworksBuildPhase;
			buildActionMask = 2147483647;
			files = (
			);
			runOnlyForDeploymentPostprocessing = 0;
		};
		57109F4C29A051C000F064A6 /* Frameworks */ = {
			isa = PBXFrameworksBuildPhase;
			buildActionMask = 2147483647;
			files = (
			);
			runOnlyForDeploymentPostprocessing = 0;
		};
		57109F5329A051C000F064A6 /* Frameworks */ = {
			isa = PBXFrameworksBuildPhase;
			buildActionMask = 2147483647;
			files = (
			);
			runOnlyForDeploymentPostprocessing = 0;
		};
		57109F5F29A051C000F064A6 /* Frameworks */ = {
			isa = PBXFrameworksBuildPhase;
			buildActionMask = 2147483647;
			files = (
			);
			runOnlyForDeploymentPostprocessing = 0;
		};
/* End PBXFrameworksBuildPhase section */

/* Begin PBXGroup section */
		57109F3C29A051BD00F064A6 = {
			isa = PBXGroup;
			children = (
				57109F4129A051BD00F064A6 /* Shared */,
				57109F5029A051C000F064A6 /* macOS */,
				57109F5929A051C000F064A6 /* Tests iOS */,
				57109F6529A051C000F064A6 /* Tests macOS */,
				57109F4A29A051C000F064A6 /* Products */,
			);
			sourceTree = "<group>";
		};
		57109F4129A051BD00F064A6 /* Shared */ = {
			isa = PBXGroup;
			children = (
				57109F4229A051BD00F064A6 /* PhonePauseApp.swift */,
				57109F7E29A0539800F064A6 /* PhonePauseSwiftUIView.swift */,
				57109F4329A051BD00F064A6 /* ContentView.swift */,
				57109F4429A051C000F064A6 /* Assets.xcassets */,
			);
			path = Shared;
			sourceTree = "<group>";
		};
		57109F4A29A051C000F064A6 /* Products */ = {
			isa = PBXGroup;
			children = (
				57109F4929A051C000F064A6 /* PhonePause.app */,
				57109F4F29A051C000F064A6 /* PhonePause.app */,
				57109F5629A051C000F064A6 /* Tests iOS.xctest */,
				57109F6229A051C000F064A6 /* Tests macOS.xctest */,
			);
			name = Products;
			sourceTree = "<group>";
		};
		57109F5029A051C000F064A6 /* macOS */ = {
			isa = PBXGroup;
			children = (
				57109F5129A051C000F064A6 /* macOS.entitlements */,
			);
			path = macOS;
			sourceTree = "<group>";
		};
		57109F5929A051C000F064A6 /* Tests iOS */ = {
			isa = PBXGroup;
			children = (
				57109F5A29A051C000F064A6 /* Tests_iOS.swift */,
				57109F5C29A051C000F064A6 /* Tests_iOSLaunchTests.swift */,
			);
			path = "Tests iOS";
			sourceTree = "<group>";
		};
		57109F6529A051C000F064A6 /* Tests macOS */ = {
			isa = PBXGroup;
			children = (
				57109F6629A051C000F064A6 /* Tests_macOS.swift */,
				57109F6829A051C000F064A6 /* Tests_macOSLaunchTests.swift */,
			);
			path = "Tests macOS";
			sourceTree = "<group>";
		};
/* End PBXGroup section */

/* Begin PBXNativeTarget section */
		57109F4829A051C000F064A6 /* PhonePause (iOS) */ = {
			isa = PBXNativeTarget;
			buildConfigurationList = 57109F7229A051C000F064A6 /* Build configuration list for PBXNativeTarget "PhonePause (iOS)" */;
			buildPhases = (
				57109F4529A051C000F064A6 /* Sources */,
				57109F4629A051C000F064A6 /* Frameworks */,
				57109F4729A051C000F064A6 /* Resources */,
			);
			buildRules = (
			);
			dependencies = (
			);
			name = "PhonePause (iOS)";
			productName = "PhonePause (iOS)";
			productReference = 57109F4929A051C000F064A6 /* PhonePause.app */;
			productType = "com.apple.product-type.application";
		};
		57109F4E29A051C000F064A6 /* PhonePause (macOS) */ = {
			isa = PBXNativeTarget;
			buildConfigurationList = 57109F7529A051C000F064A6 /* Build configuration list for PBXNativeTarget "PhonePause (macOS)" */;
			buildPhases = (
				57109F4B29A051C000F064A6 /* Sources */,
				57109F4C29A051C000F064A6 /* Frameworks */,
				57109F4D29A051C000F064A6 /* Resources */,
			);
			buildRules = (
			);
			dependencies = (
			);
			name = "PhonePause (macOS)";
			productName = "PhonePause (macOS)";
			productReference = 57109F4F29A051C000F064A6 /* PhonePause.app */;
			productType = "com.apple.product-type.application";
		};
		57109F5529A051C000F064A6 /* Tests iOS */ = {
			isa = PBXNativeTarget;
			buildConfigurationList = 57109F7829A051C000F064A6 /* Build configuration list for PBXNativeTarget "Tests iOS" */;
			buildPhases = (
				57109F5229A051C000F064A6 /* Sources */,
				57109F5329A051C000F064A6 /* Frameworks */,
				57109F5429A051C000F064A6 /* Resources */,
			);
			buildRules = (
			);
			dependencies = (
				57109F5829A051C000F064A6 /* PBXTargetDependency */,
			);
			name = "Tests iOS";
			productName = "Tests iOS";
			productReference = 57109F5629A051C000F064A6 /* Tests iOS.xctest */;
			productType = "com.apple.product-type.bundle.ui-testing";
		};
		57109F6129A051C000F064A6 /* Tests macOS */ = {
			isa = PBXNativeTarget;
			buildConfigurationList = 57109F7B29A051C000F064A6 /* Build configuration list for PBXNativeTarget "Tests macOS" */;
			buildPhases = (
				57109F5E29A051C000F064A6 /* Sources */,
				57109F5F29A051C000F064A6 /* Frameworks */,
				57109F6029A051C000F064A6 /* Resources */,
			);
			buildRules = (
			);
			dependencies = (
				57109F6429A051C000F064A6 /* PBXTargetDependency */,
			);
			name = "Tests macOS";
			productName = "Tests macOS";
			productReference = 57109F6229A051C000F064A6 /* Tests macOS.xctest */;
			productType = "com.apple.product-type.bundle.ui-testing";
		};
/* End PBXNativeTarget section */

/* Begin PBXProject section */
		57109F3D29A051BD00F064A6 /* Project object */ = {
			isa = PBXProject;
			attributes = {
				BuildIndependentTargetsInParallel = 1;
				LastSwiftUpdateCheck = 1340;
				LastUpgradeCheck = 1340;
				TargetAttributes = {
					57109F4829A051C000F064A6 = {
						CreatedOnToolsVersion = 13.4.1;
					};
					57109F4E29A051C000F064A6 = {
						CreatedOnToolsVersion = 13.4.1;
					};
					57109F5529A051C000F064A6 = {
						CreatedOnToolsVersion = 13.4.1;
						TestTargetID = 57109F4829A051C000F064A6;
					};
					57109F6129A051C000F064A6 = {
						CreatedOnToolsVersion = 13.4.1;
						TestTargetID = 57109F4E29A051C000F064A6;
					};
				};
			};
			buildConfigurationList = 57109F4029A051BD00F064A6 /* Build configuration list for PBXProject "PhonePause" */;
			compatibilityVersion = "Xcode 13.0";
			developmentRegion = en;
			hasScannedForEncodings = 0;
			knownRegions = (
				en,
				Base,
			);
			mainGroup = 57109F3C29A051BD00F064A6;
			productRefGroup = 57109F4A29A051C000F064A6 /* Products */;
			projectDirPath = "";
			projectRoot = "";
			targets = (
				57109F4829A051C000F064A6 /* PhonePause (iOS) */,
				57109F4E29A051C000F064A6 /* PhonePause (macOS) */,
				57109F5529A051C000F064A6 /* Tests iOS */,
				57109F6129A051C000F064A6 /* Tests macOS */,
			);
		};
/* End PBXProject section */

/* Begin PBXResourcesBuildPhase section */
		57109F4729A051C000F064A6 /* Resources */ = {
			isa = PBXResourcesBuildPhase;
			buildActionMask = 2147483647;
			files = (
				57109F6E29A051C000F064A6 /* Assets.xcassets in Resources */,
			);
			runOnlyForDeploymentPostprocessing = 0;
		};
		57109F4D29A051C000F064A6 /* Resources */ = {
			isa = PBXResourcesBuildPhase;
			buildActionMask = 2147483647;
			files = (
				57109F6F29A051C000F064A6 /* Assets.xcassets in Resources */,
			);
			runOnlyForDeploymentPostprocessing = 0;
		};
		57109F5429A051C000F064A6 /* Resources */ = {
			isa = PBXResourcesBuildPhase;
			buildActionMask = 2147483647;
			files = (
			);
			runOnlyForDeploymentPostprocessing = 0;
		};
		57109F6029A051C000F064A6 /* Resources */ = {
			isa = PBXResourcesBuildPhase;
			buildActionMask = 2147483647;
			files = (
			);
			runOnlyForDeploymentPostprocessing = 0;
		};
/* End PBXResourcesBuildPhase section */

/* Begin PBXSourcesBuildPhase section */
		57109F4529A051C000F064A6 /* Sources */ = {
			isa = PBXSourcesBuildPhase;
			buildActionMask = 2147483647;
			files = (
				57109F6C29A051C000F064A6 /* ContentView.swift in Sources */,
				57109F7F29A0539800F064A6 /* PhonePauseSwiftUIView.swift in Sources */,
				57109F6A29A051C000F064A6 /* PhonePauseApp.swift in Sources */,
			);
			runOnlyForDeploymentPostprocessing = 0;
		};
		57109F4B29A051C000F064A6 /* Sources */ = {
			isa = PBXSourcesBuildPhase;
			buildActionMask = 2147483647;
			files = (
				57109F6D29A051C000F064A6 /* ContentView.swift in Sources */,
				57109F8029A0539800F064A6 /* PhonePauseSwiftUIView.swift in Sources */,
				57109F6B29A051C000F064A6 /* PhonePauseApp.swift in Sources */,
			);
			runOnlyForDeploymentPostprocessing = 0;
		};
		57109F5229A051C000F064A6 /* Sources */ = {
			isa = PBXSourcesBuildPhase;
			buildActionMask = 2147483647;
			files = (
				57109F5D29A051C000F064A6 /* Tests_iOSLaunchTests.swift in Sources */,
				57109F5B29A051C000F064A6 /* Tests_iOS.swift in Sources */,
			);
			runOnlyForDeploymentPostprocessing = 0;
		};
		57109F5E29A051C000F064A6 /* Sources */ = {
			isa = PBXSourcesBuildPhase;
			buildActionMask = 2147483647;
			files = (
				57109F6929A051C000F064A6 /* Tests_macOSLaunchTests.swift in Sources */,
				57109F6729A051C000F064A6 /* Tests_macOS.swift in Sources */,
			);
			runOnlyForDeploymentPostprocessing = 0;
		};
/* End PBXSourcesBuildPhase section */

/* Begin PBXTargetDependency section */
		57109F5829A051C000F064A6 /* PBXTargetDependency */ = {
			isa = PBXTargetDependency;
			target = 57109F4829A051C000F064A6 /* PhonePause (iOS) */;
			targetProxy = 57109F5729A051C000F064A6 /* PBXContainerItemProxy */;
		};
		57109F6429A051C000F064A6 /* PBXTargetDependency */ = {
			isa = PBXTargetDependency;
			target = 57109F4E29A051C000F064A6 /* PhonePause (macOS) */;
			targetProxy = 57109F6329A051C000F064A6 /* PBXContainerItemProxy */;
		};
/* End PBXTargetDependency section */

/* Begin XCBuildConfiguration section */
		57109F7029A051C000F064A6 /* Debug */ = {
			isa = XCBuildConfiguration;
			buildSettings = {
				ALWAYS_SEARCH_USER_PATHS = NO;
				CLANG_ANALYZER_NONNULL = YES;
				CLANG_ANALYZER_NUMBER_OBJECT_CONVERSION = YES_AGGRESSIVE;
				CLANG_CXX_LANGUAGE_STANDARD = "gnu++17";
				CLANG_ENABLE_MODULES = YES;
				CLANG_ENABLE_OBJC_ARC = YES;
				CLANG_ENABLE_OBJC_WEAK = YES;
				CLANG_WARN_BLOCK_CAPTURE_AUTORELEASING = YES;
				CLANG_WARN_BOOL_CONVERSION = YES;
				CLANG_WARN_COMMA = YES;
				CLANG_WARN_CONSTANT_CONVERSION = YES;
				CLANG_WARN_DEPRECATED_OBJC_IMPLEMENTATIONS = YES;
				CLANG_WARN_DIRECT_OBJC_ISA_USAGE = YES_ERROR;
				CLANG_WARN_DOCUMENTATION_COMMENTS = YES;
				CLANG_WARN_EMPTY_BODY = YES;
				CLANG_WARN_ENUM_CONVERSION = YES;
				CLANG_WARN_INFINITE_RECURSION = YES;
				CLANG_WARN_INT_CONVERSION = YES;
				CLANG_WARN_NON_LITERAL_NULL_CONVERSION = YES;
				CLANG_WARN_OBJC_IMPLICIT_RETAIN_SELF = YES;
				CLANG_WARN_OBJC_LITERAL_CONVERSION = YES;
				CLANG_WARN_OBJC_ROOT_CLASS = YES_ERROR;
				CLANG_WARN_QUOTED_INCLUDE_IN_FRAMEWORK_HEADER = YES;
				CLANG_WARN_RANGE_LOOP_ANALYSIS = YES;
				CLANG_WARN_STRICT_PROTOTYPES = YES;
				CLANG_WARN_SUSPICIOUS_MOVE = YES;
				CLANG_WARN_UNGUARDED_AVAILABILITY = YES_AGGRESSIVE;
				CLANG_WARN_UNREACHABLE_CODE = YES;
				CLANG_WARN__DUPLICATE_METHOD_MATCH = YES;
				COPY_PHASE_STRIP = NO;
				DEBUG_INFORMATION_FORMAT = dwarf;
				ENABLE_STRICT_OBJC_MSGSEND = YES;
				ENABLE_TESTABILITY = YES;
				GCC_C_LANGUAGE_STANDARD = gnu11;
				GCC_DYNAMIC_NO_PIC = NO;
				GCC_NO_COMMON_BLOCKS = YES;
				GCC_OPTIMIZATION_LEVEL = 0;
				GCC_PREPROCESSOR_DEFINITIONS = (
					"DEBUG=1",
					"$(inherited)",
				);
				GCC_WARN_64_TO_32_BIT_CONVERSION = YES;
				GCC_WARN_ABOUT_RETURN_TYPE = YES_ERROR;
				GCC_WARN_UNDECLARED_SELECTOR = YES;
				GCC_WARN_UNINITIALIZED_AUTOS = YES_AGGRESSIVE;
				GCC_WARN_UNUSED_FUNCTION = YES;
				GCC_WARN_UNUSED_VARIABLE = YES;
				MTL_ENABLE_DEBUG_INFO = INCLUDE_SOURCE;
				MTL_FAST_MATH = YES;
				ONLY_ACTIVE_ARCH = YES;
				SWIFT_ACTIVE_COMPILATION_CONDITIONS = DEBUG;
				SWIFT_OPTIMIZATION_LEVEL = "-Onone";
			};
			name = Debug;
		};
		57109F7129A051C000F064A6 /* Release */ = {
			isa = XCBuildConfiguration;
			buildSettings = {
				ALWAYS_SEARCH_USER_PATHS = NO;
				CLANG_ANALYZER_NONNULL = YES;
				CLANG_ANALYZER_NUMBER_OBJECT_CONVERSION = YES_AGGRESSIVE;
				CLANG_CXX_LANGUAGE_STANDARD = "gnu++17";
				CLANG_ENABLE_MODULES = YES;
				CLANG_ENABLE_OBJC_ARC = YES;
				CLANG_ENABLE_OBJC_WEAK = YES;
				CLANG_WARN_BLOCK_CAPTURE_AUTORELEASING = YES;
				CLANG_WARN_BOOL_CONVERSION = YES;
				CLANG_WARN_COMMA = YES;
				CLANG_WARN_CONSTANT_CONVERSION = YES;
				CLANG_WARN_DEPRECATED_OBJC_IMPLEMENTATIONS = YES;
				CLANG_WARN_DIRECT_OBJC_ISA_USAGE = YES_ERROR;
				CLANG_WARN_DOCUMENTATION_COMMENTS = YES;
				CLANG_WARN_EMPTY_BODY = YES;
				CLANG_WARN_ENUM_CONVERSION = YES;
				CLANG_WARN_INFINITE_RECURSION = YES;
				CLANG_WARN_INT_CONVERSION = YES;
				CLANG_WARN_NON_LITERAL_NULL_CONVERSION = YES;
				CLANG_WARN_OBJC_IMPLICIT_RETAIN_SELF = YES;
				CLANG_WARN_OBJC_LITERAL_CONVERSION = YES;
				CLANG_WARN_OBJC_ROOT_CLASS = YES_ERROR;
				CLANG_WARN_QUOTED_INCLUDE_IN_FRAMEWORK_HEADER = YES;
				CLANG_WARN_RANGE_LOOP_ANALYSIS = YES;
				CLANG_WARN_STRICT_PROTOTYPES = YES;
				CLANG_WARN_SUSPICIOUS_MOVE = YES;
				CLANG_WARN_UNGUARDED_AVAILABILITY = YES_AGGRESSIVE;
				CLANG_WARN_UNREACHABLE_CODE = YES;
				CLANG_WARN__DUPLICATE_METHOD_MATCH = YES;
				COPY_PHASE_STRIP = NO;
				DEBUG_INFORMATION_FORMAT = "dwarf-with-dsym";
				ENABLE_NS_ASSERTIONS = NO;
				ENABLE_STRICT_OBJC_MSGSEND = YES;
				GCC_C_LANGUAGE_STANDARD = gnu11;
				GCC_NO_COMMON_BLOCKS = YES;
				GCC_WARN_64_TO_32_BIT_CONVERSION = YES;
				GCC_WARN_ABOUT_RETURN_TYPE = YES_ERROR;
				GCC_WARN_UNDECLARED_SELECTOR = YES;
				GCC_WARN_UNINITIALIZED_AUTOS = YES_AGGRESSIVE;
				GCC_WARN_UNUSED_FUNCTION = YES;
				GCC_WARN_UNUSED_VARIABLE = YES;
				MTL_ENABLE_DEBUG_INFO = NO;
				MTL_FAST_MATH = YES;
				SWIFT_COMPILATION_MODE = wholemodule;
				SWIFT_OPTIMIZATION_LEVEL = "-O";
			};
			name = Release;
		};
		57109F7329A051C000F064A6 /* Debug */ = {
			isa = XCBuildConfiguration;
			buildSettings = {
				ASSETCATALOG_COMPILER_APPICON_NAME = AppIcon;
				ASSETCATALOG_COMPILER_GLOBAL_ACCENT_COLOR_NAME = AccentColor;
				CODE_SIGN_STYLE = Automatic;
				CURRENT_PROJECT_VERSION = 1;
				ENABLE_PREVIEWS = YES;
				GENERATE_INFOPLIST_FILE = YES;
				INFOPLIST_KEY_UIApplicationSceneManifest_Generation = YES;
				INFOPLIST_KEY_UIApplicationSupportsIndirectInputEvents = YES;
				INFOPLIST_KEY_UILaunchScreen_Generation = YES;
				INFOPLIST_KEY_UISupportedInterfaceOrientations_iPad = "UIInterfaceOrientationPortrait UIInterfaceOrientationPortraitUpsideDown UIInterfaceOrientationLandscapeLeft UIInterfaceOrientationLandscapeRight";
				INFOPLIST_KEY_UISupportedInterfaceOrientations_iPhone = "UIInterfaceOrientationPortrait UIInterfaceOrientationLandscapeLeft UIInterfaceOrientationLandscapeRight";
				IPHONEOS_DEPLOYMENT_TARGET = 15.5;
				LD_RUNPATH_SEARCH_PATHS = (
					"$(inherited)",
					"@executable_path/Frameworks",
				);
				MARKETING_VERSION = 1.0;
				PRODUCT_BUNDLE_IDENTIFIER = "UO-Thesis.PhonePause";
				PRODUCT_NAME = PhonePause;
				SDKROOT = iphoneos;
				SWIFT_EMIT_LOC_STRINGS = YES;
				SWIFT_VERSION = 5.0;
				TARGETED_DEVICE_FAMILY = "1,2";
			};
			name = Debug;
		};
		57109F7429A051C000F064A6 /* Release */ = {
			isa = XCBuildConfiguration;
			buildSettings = {
				ASSETCATALOG_COMPILER_APPICON_NAME = AppIcon;
				ASSETCATALOG_COMPILER_GLOBAL_ACCENT_COLOR_NAME = AccentColor;
				CODE_SIGN_STYLE = Automatic;
				CURRENT_PROJECT_VERSION = 1;
				ENABLE_PREVIEWS = YES;
				GENERATE_INFOPLIST_FILE = YES;
				INFOPLIST_KEY_UIApplicationSceneManifest_Generation = YES;
				INFOPLIST_KEY_UIApplicationSupportsIndirectInputEvents = YES;
				INFOPLIST_KEY_UILaunchScreen_Generation = YES;
				INFOPLIST_KEY_UISupportedInterfaceOrientations_iPad = "UIInterfaceOrientationPortrait UIInterfaceOrientationPortraitUpsideDown UIInterfaceOrientationLandscapeLeft UIInterfaceOrientationLandscapeRight";
				INFOPLIST_KEY_UISupportedInterfaceOrientations_iPhone = "UIInterfaceOrientationPortrait UIInterfaceOrientationLandscapeLeft UIInterfaceOrientationLandscapeRight";
				IPHONEOS_DEPLOYMENT_TARGET = 15.5;
				LD_RUNPATH_SEARCH_PATHS = (
					"$(inherited)",
					"@executable_path/Frameworks",
				);
				MARKETING_VERSION = 1.0;
				PRODUCT_BUNDLE_IDENTIFIER = "UO-Thesis.PhonePause";
				PRODUCT_NAME = PhonePause;
				SDKROOT = iphoneos;
				SWIFT_EMIT_LOC_STRINGS = YES;
				SWIFT_VERSION = 5.0;
				TARGETED_DEVICE_FAMILY = "1,2";
				VALIDATE_PRODUCT = YES;
			};
			name = Release;
		};
		57109F7629A051C000F064A6 /* Debug */ = {
			isa = XCBuildConfiguration;
			buildSettings = {
				ASSETCATALOG_COMPILER_APPICON_NAME = AppIcon;
				ASSETCATALOG_COMPILER_GLOBAL_ACCENT_COLOR_NAME = AccentColor;
				CODE_SIGN_ENTITLEMENTS = macOS/macOS.entitlements;
				CODE_SIGN_STYLE = Automatic;
				COMBINE_HIDPI_IMAGES = YES;
				CURRENT_PROJECT_VERSION = 1;
				ENABLE_PREVIEWS = YES;
				GENERATE_INFOPLIST_FILE = YES;
				INFOPLIST_KEY_NSHumanReadableCopyright = "";
				LD_RUNPATH_SEARCH_PATHS = (
					"$(inherited)",
					"@executable_path/../Frameworks",
				);
				MACOSX_DEPLOYMENT_TARGET = 12.3;
				MARKETING_VERSION = 1.0;
				PRODUCT_BUNDLE_IDENTIFIER = "UO-Thesis.PhonePause";
				PRODUCT_NAME = PhonePause;
				SDKROOT = macosx;
				SWIFT_EMIT_LOC_STRINGS = YES;
				SWIFT_VERSION = 5.0;
			};
			name = Debug;
		};
		57109F7729A051C000F064A6 /* Release */ = {
			isa = XCBuildConfiguration;
			buildSettings = {
				ASSETCATALOG_COMPILER_APPICON_NAME = AppIcon;
				ASSETCATALOG_COMPILER_GLOBAL_ACCENT_COLOR_NAME = AccentColor;
				CODE_SIGN_ENTITLEMENTS = macOS/macOS.entitlements;
				CODE_SIGN_STYLE = Automatic;
				COMBINE_HIDPI_IMAGES = YES;
				CURRENT_PROJECT_VERSION = 1;
				ENABLE_PREVIEWS = YES;
				GENERATE_INFOPLIST_FILE = YES;
				INFOPLIST_KEY_NSHumanReadableCopyright = "";
				LD_RUNPATH_SEARCH_PATHS = (
					"$(inherited)",
					"@executable_path/../Frameworks",
				);
				MACOSX_DEPLOYMENT_TARGET = 12.3;
				MARKETING_VERSION = 1.0;
				PRODUCT_BUNDLE_IDENTIFIER = "UO-Thesis.PhonePause";
				PRODUCT_NAME = PhonePause;
				SDKROOT = macosx;
				SWIFT_EMIT_LOC_STRINGS = YES;
				SWIFT_VERSION = 5.0;
			};
			name = Release;
		};
		57109F7929A051C000F064A6 /* Debug */ = {
			isa = XCBuildConfiguration;
			buildSettings = {
				ALWAYS_EMBED_SWIFT_STANDARD_LIBRARIES = YES;
				CODE_SIGN_STYLE = Automatic;
				CURRENT_PROJECT_VERSION = 1;
				GENERATE_INFOPLIST_FILE = YES;
				IPHONEOS_DEPLOYMENT_TARGET = 15.5;
				MARKETING_VERSION = 1.0;
				PRODUCT_BUNDLE_IDENTIFIER = "UO-Thesis.Tests-iOS";
				PRODUCT_NAME = "$(TARGET_NAME)";
				SDKROOT = iphoneos;
				SWIFT_EMIT_LOC_STRINGS = NO;
				SWIFT_VERSION = 5.0;
				TARGETED_DEVICE_FAMILY = "1,2";
				TEST_TARGET_NAME = "PhonePause (iOS)";
			};
			name = Debug;
		};
		57109F7A29A051C000F064A6 /* Release */ = {
			isa = XCBuildConfiguration;
			buildSettings = {
				ALWAYS_EMBED_SWIFT_STANDARD_LIBRARIES = YES;
				CODE_SIGN_STYLE = Automatic;
				CURRENT_PROJECT_VERSION = 1;
				GENERATE_INFOPLIST_FILE = YES;
				IPHONEOS_DEPLOYMENT_TARGET = 15.5;
				MARKETING_VERSION = 1.0;
				PRODUCT_BUNDLE_IDENTIFIER = "UO-Thesis.Tests-iOS";
				PRODUCT_NAME = "$(TARGET_NAME)";
				SDKROOT = iphoneos;
				SWIFT_EMIT_LOC_STRINGS = NO;
				SWIFT_VERSION = 5.0;
				TARGETED_DEVICE_FAMILY = "1,2";
				TEST_TARGET_NAME = "PhonePause (iOS)";
				VALIDATE_PRODUCT = YES;
			};
			name = Release;
		};
		57109F7C29A051C000F064A6 /* Debug */ = {
			isa = XCBuildConfiguration;
			buildSettings = {
				ALWAYS_EMBED_SWIFT_STANDARD_LIBRARIES = YES;
				CODE_SIGN_STYLE = Automatic;
				CURRENT_PROJECT_VERSION = 1;
				GENERATE_INFOPLIST_FILE = YES;
				MACOSX_DEPLOYMENT_TARGET = 12.3;
				MARKETING_VERSION = 1.0;
				PRODUCT_BUNDLE_IDENTIFIER = "UO-Thesis.Tests-macOS";
				PRODUCT_NAME = "$(TARGET_NAME)";
				SDKROOT = macosx;
				SWIFT_EMIT_LOC_STRINGS = NO;
				SWIFT_VERSION = 5.0;
				TEST_TARGET_NAME = "PhonePause (macOS)";
			};
			name = Debug;
		};
		57109F7D29A051C000F064A6 /* Release */ = {
			isa = XCBuildConfiguration;
			buildSettings = {
				ALWAYS_EMBED_SWIFT_STANDARD_LIBRARIES = YES;
				CODE_SIGN_STYLE = Automatic;
				CURRENT_PROJECT_VERSION = 1;
				GENERATE_INFOPLIST_FILE = YES;
				MACOSX_DEPLOYMENT_TARGET = 12.3;
				MARKETING_VERSION = 1.0;
				PRODUCT_BUNDLE_IDENTIFIER = "UO-Thesis.Tests-macOS";
				PRODUCT_NAME = "$(TARGET_NAME)";
				SDKROOT = macosx;
				SWIFT_EMIT_LOC_STRINGS = NO;
				SWIFT_VERSION = 5.0;
				TEST_TARGET_NAME = "PhonePause (macOS)";
			};
			name = Release;
		};
/* End XCBuildConfiguration section */

/* Begin XCConfigurationList section */
		57109F4029A051BD00F064A6 /* Build configuration list for PBXProject "PhonePause" */ = {
			isa = XCConfigurationList;
			buildConfigurations = (
				57109F7029A051C000F064A6 /* Debug */,
				57109F7129A051C000F064A6 /* Release */,
			);
			defaultConfigurationIsVisible = 0;
			defaultConfigurationName = Release;
		};
		57109F7229A051C000F064A6 /* Build configuration list for PBXNativeTarget "PhonePause (iOS)" */ = {
			isa = XCConfigurationList;
			buildConfigurations = (
				57109F7329A051C000F064A6 /* Debug */,
				57109F7429A051C000F064A6 /* Release */,
			);
			defaultConfigurationIsVisible = 0;
			defaultConfigurationName = Release;
		};
		57109F7529A051C000F064A6 /* Build configuration list for PBXNativeTarget "PhonePause (macOS)" */ = {
			isa = XCConfigurationList;
			buildConfigurations = (
				57109F7629A051C000F064A6 /* Debug */,
				57109F7729A051C000F064A6 /* Release */,
			);
			defaultConfigurationIsVisible = 0;
			defaultConfigurationName = Release;
		};
		57109F7829A051C000F064A6 /* Build configuration list for PBXNativeTarget "Tests iOS" */ = {
			isa = XCConfigurationList;
			buildConfigurations = (
				57109F7929A051C000F064A6 /* Debug */,
				57109F7A29A051C000F064A6 /* Release */,
			);
			defaultConfigurationIsVisible = 0;
			defaultConfigurationName = Release;
		};
		57109F7B29A051C000F064A6 /* Build configuration list for PBXNativeTarget "Tests macOS" */ = {
			isa = XCConfigurationList;
			buildConfigurations = (
				57109F7C29A051C000F064A6 /* Debug */,
				57109F7D29A051C000F064A6 /* Release */,
			);
			defaultConfigurationIsVisible = 0;
			defaultConfigurationName = Release;
		};
/* End XCConfigurationList section */
	};
	rootObject = 57109F3D29A051BD00F064A6 /* Project object */;
}
